
Microsoft Visual Studio Solution File, Format Version 12.00
# Visual Studio Version 16
VisualStudioVersion = 16.0.30907.101
MinimumVisualStudioVersion = 10.0.40219.1
Project("{FAE04EC0-301F-11D3-BF4B-00C04F79EFBC}") = "NumbersToWords", "NumbersToWords\NumbersToWords.csproj", "{AD702DFA-A7C9-43AC-B0F4-13BBD8CD88C6}"
EndProject
Project("{FAE04EC0-301F-11D3-BF4B-00C04F79EFBC}") = "UnitTests", "UnitTests\UnitTests.csproj", "{4C7768B9-04E1-46DE-9033-EAD709736063}"
EndProject
Global
	GlobalSection(SolutionConfigurationPlatforms) = preSolution
		Debug|Any CPU = Debug|Any CPU
		Release|Any CPU = Release|Any CPU
	EndGlobalSection
	GlobalSection(ProjectConfigurationPlatforms) = postSolution
		{AD702DFA-A7C9-43AC-B0F4-13BBD8CD88C6}.Debug|Any CPU.ActiveCfg = Debug|Any CPU
		{AD702DFA-A7C9-43AC-B0F4-13BBD8CD88C6}.Debug|Any CPU.Build.0 = Debug|Any CPU
		{AD702DFA-A7C9-43AC-B0F4-13BBD8CD88C6}.Release|Any CPU.ActiveCfg = Release|Any CPU
		{AD702DFA-A7C9-43AC-B0F4-13BBD8CD88C6}.Release|Any CPU.Build.0 = Release|Any CPU
		{4C7768B9-04E1-46DE-9033-EAD709736063}.Debug|Any CPU.ActiveCfg = Debug|Any CPU
		{4C7768B9-04E1-46DE-9033-EAD709736063}.Debug|Any CPU.Build.0 = Debug|Any CPU
		{4C7768B9-04E1-46DE-9033-EAD709736063}.Release|Any CPU.ActiveCfg = Release|Any CPU
		{4C7768B9-04E1-46DE-9033-EAD709736063}.Release|Any CPU.Build.0 = Release|Any CPU
	EndGlobalSection
	GlobalSection(SolutionProperties) = preSolution
		HideSolutionNode = FALSE
	EndGlobalSection
	GlobalSection(ExtensibilityGlobals) = postSolution
		SolutionGuid = {5A2EC704-BBC5-4255-9128-D6F5628DA0E0}
	EndGlobalSection
EndGlobal
